{
  "name": "kineto-masaj-acasa",
  "lockfileVersion": 3,
  "requires": true,
  "packages": {
    "": {
      "dependencies": {
        "@cloudinary/url-gen": "^1.10.0",
        "imagekit-javascript": "^1.5.5"
      }
    },
    "node_modules/@cloudinary/transformation-builder-sdk": {
      "version": "1.2.7",
      "resolved": "https://registry.npmjs.org/@cloudinary/transformation-builder-sdk/-/transformation-builder-sdk-1.2.7.tgz",
      "integrity": "sha512-Q1fhw37BXXmN6/BCxdnw3OUJ6aAy/zpDWH5t+xIwmG5GtYUYMZqOjvdOkOhWBmus9ptq9znuGsYn8h5vtSjT+w==",
      "dependencies": {
        "@cloudinary/url-gen": "^1.7.0"
      }
    },
    "node_modules/@cloudinary/url-gen": {
      "version": "1.10.0",
      "resolved": "https://registry.npmjs.org/@cloudinary/url-gen/-/url-gen-1.10.0.tgz",
      "integrity": "sha512-J3V+gzT6Tepw9bMrR3prWVbW22cIFJtPS8Wkt1WFSZVHWpZx8/vv9ACHaxUmRqaSkjhX8ErsuzDY5YxdWnaCbw==",
      "dependencies": {
        "@cloudinary/transformation-builder-sdk": "^1.2.7"
      }
    },
    "node_modules/imagekit-javascript": {
      "version": "1.5.5",
      "resolved": "https://registry.npmjs.org/imagekit-javascript/-/imagekit-javascript-1.5.5.tgz",
      "integrity": "sha512-WnEq7zIiYx+bN1fUzLEqSD33xOCEhHpDmlo3SxQkXPiLBnnnLGhBZi583wNhBXP3RB/yQQEKOBeOelnZ7WVgPA=="
    }
  }
}
